// !$*UTF8*$!
{
	archiveVersion = 1;
	classes = {
	};
	objectVersion = 77;
	objects = {

/* Begin PBXBuildFile section */
		8C89C72D302F91CA00690DF9 /* IDMCore in Frameworks */ = {isa = PBXBuildFile; productRef = 8C89C72C302F91CA00690DF9 /* IDMCore */; };
		8C89C72F302F91CA00690DF9 /* IDMEngine in Frameworks */ = {isa = PBXBuildFile; productRef = 8C89C72E302F91CA00690DF9 /* IDMEngine */; };
/* End PBXBuildFile section */

/* Begin PBXContainerItemProxy section */
		8C89C70F302F916000690DF9 /* PBXContainerItemProxy */ = {
			isa = PBXContainerItemProxy;
			containerPortal = 8C89C6F9302F915E00690DF9 /* Project object */;
			proxyType = 1;
			remoteGlobalIDString = 8C89C700302F915E00690DF9;
			remoteInfo = IDM;
		};
		8C89C719302F916000690DF9 /* PBXContainerItemProxy */ = {
			isa = PBXContainerItemProxy;
			containerPortal = 8C89C6F9302F915E00690DF9 /* Project object */;
			proxyType = 1;
			remoteGlobalIDString = 8C89C700302F915E00690DF9;
			remoteInfo = IDM;
		};
/* End PBXContainerItemProxy section */

/* Begin PBXFileReference section */
		8C89C701302F915E00690DF9 /* IDM.app */ = {isa = PBXFileReference; explicitFileType = wrapper.application; includeInIndex = 0; path = IDM.app; sourceTree = BUILT_PRODUCTS_DIR; };
		8C89C70E302F916000690DF9 /* IDMTests.xctest */ = {isa = PBXFileReference; explicitFileType = wrapper.cfbundle; includeInIndex = 0; path = IDMTests.xctest; sourceTree = BUILT_PRODUCTS_DIR; };
		8C89C718302F916000690DF9 /* IDMUITests.xctest */ = {isa = PBXFileReference; explicitFileType = wrapper.cfbundle; includeInIndex = 0; path = IDMUITests.xctest; sourceTree = BUILT_PRODUCTS_DIR; };
/* End PBXFileReference section */

/* Begin PBXFileSystemSynchronizedRootGroup section */
		8C89C703302F915E00690DF9 /* IDM */ = {
			isa = PBXFileSystemSynchronizedRootGroup;
			path = IDM;
			sourceTree = "<group>";
		};
		8C89C711302F916000690DF9 /* IDMTests */ = {
			isa = PBXFileSystemSynchronizedRootGroup;
			path = IDMTests;
			sourceTree = "<group>";
		};
		8C89C71B302F916000690DF9 /* IDMUITests */ = {
			isa = PBXFileSystemSynchronizedRootGroup;
			path = IDMUITests;
			sourceTree = "<group>";
		};
/* End PBXFileSystemSynchronizedRootGroup section */

/* Begin PBXFrameworksBuildPhase section */
		8C89C6FE302F915E00690DF9 /* Frameworks */ = {
			isa = PBXFrameworksBuildPhase;
			buildActionMask = 2147483647;
			files = (
				8C89C72D302F91CA00690DF9 /* IDMCore in Frameworks */,
				8C89C72F302F91CA00690DF9 /* IDMEngine in Frameworks */,
			);
			runOnlyForDeploymentPostprocessing = 0;
		};
		8C89C70B302F916000690DF9 /* Frameworks */ = {
			isa = PBXFrameworksBuildPhase;
			buildActionMask = 2147483647;
			files = (
			);
			runOnlyForDeploymentPostprocessing = 0;
		};
		8C89C715302F916000690DF9 /* Frameworks */ = {
			isa = PBXFrameworksBuildPhase;
			buildActionMask = 2147483647;
			files = (
			);
			runOnlyForDeploymentPostprocessing = 0;
		};
/* End PBXFrameworksBuildPhase section */

/* Begin PBXGroup section */
		8C89C6F8302F915E00690DF9 = {
			isa = PBXGroup;
			children = (
				8C89C703302F915E00690DF9 /* IDM */,
				8C89C711302F916000690DF9 /* IDMTests */,
				8C89C71B302F916000690DF9 /* IDMUITests */,
				8C89C702302F915E00690DF9 /* Products */,
			);
			sourceTree = "<group>";
		};
		8C89C702302F915E00690DF9 /* Products */ = {
			isa = PBXGroup;
			children = (
				8C89C701302F915E00690DF9 /* IDM.app */,
				8C89C70E302F916000690DF9 /* IDMTests.xctest */,
				8C89C718302F916000690DF9 /* IDMUITests.xctest */,
			);
			name = Products;
			sourceTree = "<group>";
		};
/* End PBXGroup section */

/* Begin PBXNativeTarget section */
		8C89C700302F915E00690DF9 /* IDM */ = {
			isa = PBXNativeTarget;
			buildConfigurationList = 8C89C722302F916000690DF9 /* Build configuration list for PBXNativeTarget "IDM" */;
			buildPhases = (
				8C89C6FD302F915E00690DF9 /* Sources */,
				8C89C6FE302F915E00690DF9 /* Frameworks */,
				8C89C6FF302F915E00690DF9 /* Resources */,
			);
			buildRules = (
			);
			dependencies = (
			);
			fileSystemSynchronizedGroups = (
				8C89C703302F915E00690DF9 /* IDM */,
			);
			name = IDM;
			packageProductDependencies = (
				8C89C72C302F91CA00690DF9 /* IDMCore */,
				8C89C72E302F91CA00690DF9 /* IDMEngine */,
			);
			productName = IDM;
			productReference = 8C89C701302F915E00690DF9 /* IDM.app */;
			productType = "com.apple.product-type.application";
		};
		8C89C70D302F916000690DF9 /* IDMTests */ = {
			isa = PBXNativeTarget;
			buildConfigurationList = 8C89C725302F916000690DF9 /* Build configuration list for PBXNativeTarget "IDMTests" */;
			buildPhases = (
				8C89C70A302F916000690DF9 /* Sources */,
				8C89C70B302F916000690DF9 /* Frameworks */,
				8C89C70C302F916000690DF9 /* Resources */,
			);
			buildRules = (
			);
			dependencies = (
				8C89C710302F916000690DF9 /* PBXTargetDependency */,
			);
			fileSystemSynchronizedGroups = (
				8C89C711302F916000690DF9 /* IDMTests */,
			);
			name = IDMTests;
			packageProductDependencies = (
			);
			productName = IDMTests;
			productReference = 8C89C70E302F916000690DF9 /* IDMTests.xctest */;
			productType = "com.apple.product-type.bundle.unit-test";
		};
		8C89C717302F916000690DF9 /* IDMUITests */ = {
			isa = PBXNativeTarget;
			buildConfigurationList = 8C89C728302F916000690DF9 /* Build configuration list for PBXNativeTarget "IDMUITests" */;
			buildPhases = (
				8C89C714302F916000690DF9 /* Sources */,
				8C89C715302F916000690DF9 /* Frameworks */,
				8C89C716302F916000690DF9 /* Resources */,
			);
			buildRules = (
			);
			dependencies = (
				8C89C71A302F916000690DF9 /* PBXTargetDependency */,
			);
			fileSystemSynchronizedGroups = (
				8C89C71B302F916000690DF9 /* IDMUITests */,
			);
			name = IDMUITests;
			packageProductDependencies = (
			);
			productName = IDMUITests;
			productReference = 8C89C718302F916000690DF9 /* IDMUITests.xctest */;
			productType = "com.apple.product-type.bundle.ui-testing";
		};
/* End PBXNativeTarget section */

/* Begin PBXProject section */
		8C89C6F9302F915E00690DF9 /* Project object */ = {
			isa = PBXProject;
			attributes = {
				BuildIndependentTargetsInParallel = 1;
				LastSwiftUpdateCheck = 2610;
				LastUpgradeCheck = 2610;
				TargetAttributes = {
					8C89C700302F915E00690DF9 = {
						CreatedOnToolsVersion = 26.1.1;
					};
					8C89C70D302F916000690DF9 = {
						CreatedOnToolsVersion = 26.1.1;
						TestTargetID = 8C89C700302F915E00690DF9;
					};
					8C89C717302F916000690DF9 = {
						CreatedOnToolsVersion = 26.1.1;
						TestTargetID = 8C89C700302F915E00690DF9;
					};
				};
			};
			buildConfigurationList = 8C89C6FC302F915E00690DF9 /* Build configuration list for PBXProject "IDM" */;
			developmentRegion = en;
			hasScannedForEncodings = 0;
			knownRegions = (
				en,
				Base,
			);
			mainGroup = 8C89C6F8302F915E00690DF9;
			minimizedProjectReferenceProxies = 1;
			packageReferences = (
				8C89C72B302F91C900690DF9 /* XCLocalSwiftPackageReference "../IDMCore" */,
			);
			preferredProjectObjectVersion = 77;
			productRefGroup = 8C89C702302F915E00690DF9 /* Products */;
			projectDirPath = "";
			projectRoot = "";
			targets = (
				8C89C700302F915E00690DF9 /* IDM */,
				8C89C70D302F916000690DF9 /* IDMTests */,
				8C89C717302F916000690DF9 /* IDMUITests */,
			);
		};
/* End PBXProject section */

/* Begin PBXResourcesBuildPhase section */
		8C89C6FF302F915E00690DF9 /* Resources */ = {
			isa = PBXResourcesBuildPhase;
			buildActionMask = 2147483647;
			files = (
			);
			runOnlyForDeploymentPostprocessing = 0;
		};
		8C89C70C302F916000690DF9 /* Resources */ = {
			isa = PBXResourcesBuildPhase;
			buildActionMask = 2147483647;
			files = (
			);
			runOnlyForDeploymentPostprocessing = 0;
		};
		8C89C716302F916000690DF9 /* Resources */ = {
			isa = PBXResourcesBuildPhase;
			buildActionMask = 2147483647;
			files = (
			);
			runOnlyForDeploymentPostprocessing = 0;
		};
/* End PBXResourcesBuildPhase section */

/* Begin PBXSourcesBuildPhase section */
		8C89C6FD302F915E00690DF9 /* Sources */ = {
			isa = PBXSourcesBuildPhase;
			buildActionMask = 2147483647;
			files = (
			);
			runOnlyForDeploymentPostprocessing = 0;
		};
		8C89C70A302F916000690DF9 /* Sources */ = {
			isa = PBXSourcesBuildPhase;
			buildActionMask = 2147483647;
			files = (
			);
			runOnlyForDeploymentPostprocessing = 0;
		};
		8C89C714302F916000690DF9 /* Sources */ = {
			isa = PBXSourcesBuildPhase;
			buildActionMask = 2147483647;
			files = (
			);
			runOnlyForDeploymentPostprocessing = 0;
		};
/* End PBXSourcesBuildPhase section */

/* Begin PBXTargetDependency section */
		8C89C710302F916000690DF9 /* PBXTargetDependency */ = {
			isa = PBXTargetDependency;
			target = 8C89C700302F915E00690DF9 /* IDM */;
			targetProxy = 8C89C70F302F916000690DF9 /* PBXContainerItemProxy */;
		};
		8C89C71A302F916000690DF9 /* PBXTargetDependency */ = {
			isa = PBXTargetDependency;
			target = 8C89C700302F915E00690DF9 /* IDM */;
			targetProxy = 8C89C719302F916000690DF9 /* PBXContainerItemProxy */;
		};
/* End PBXTargetDependency section */

/* Begin XCBuildConfiguration section */
		8C89C720302F916000690DF9 /* Debug */ = {
			isa = XCBuildConfiguration;
			buildSettings = {
				ALWAYS_SEARCH_USER_PATHS = NO;
				ASSETCATALOG_COMPILER_GENERATE_SWIFT_ASSET_SYMBOL_EXTENSIONS = YES;
				CLANG_ANALYZER_NONNULL = YES;
				CLANG_ANALYZER_NUMBER_OBJECT_CONVERSION = YES_AGGRESSIVE;
				CLANG_CXX_LANGUAGE_STANDARD = "gnu++20";
				CLANG_ENABLE_MODULES = YES;
				CLANG_ENABLE_OBJC_ARC = YES;
				CLANG_ENABLE_OBJC_WEAK = YES;
				CLANG_WARN_BLOCK_CAPTURE_AUTORELEASING = YES;
				CLANG_WARN_BOOL_CONVERSION = YES;
				CLANG_WARN_COMMA = YES;
				CLANG_WARN_CONSTANT_CONVERSION = YES;
				CLANG_WARN_DEPRECATED_OBJC_IMPLEMENTATIONS = YES;
				CLANG_WARN_DIRECT_OBJC_ISA_USAGE = YES_ERROR;
				CLANG_WARN_DOCUMENTATION_COMMENTS = YES;
				CLANG_WARN_EMPTY_BODY = YES;
				CLANG_WARN_ENUM_CONVERSION = YES;
				CLANG_WARN_INFINITE_RECURSION = YES;
				CLANG_WARN_INT_CONVERSION = YES;
				CLANG_WARN_NON_LITERAL_NULL_CONVERSION = YES;
				CLANG_WARN_OBJC_IMPLICIT_RETAIN_SELF = YES;
				CLANG_WARN_OBJC_LITERAL_CONVERSION = YES;
				CLANG_WARN_OBJC_ROOT_CLASS = YES_ERROR;
				CLANG_WARN_QUOTED_INCLUDE_IN_FRAMEWORK_HEADER = YES;
				CLANG_WARN_RANGE_LOOP_ANALYSIS = YES;
				CLANG_WARN_STRICT_PROTOTYPES = YES;
				CLANG_WARN_SUSPICIOUS_MOVE = YES;
				CLANG_WARN_UNGUARDED_AVAILABILITY = YES_AGGRESSIVE;
				CLANG_WARN_UNREACHABLE_CODE = YES;
				CLANG_WARN__DUPLICATE_METHOD_MATCH = YES;
				COPY_PHASE_STRIP = NO;
				DEBUG_INFORMATION_FORMAT = dwarf;
				DEVELOPMENT_TEAM = 33W77TDG99;
				ENABLE_STRICT_OBJC_MSGSEND = YES;
				ENABLE_TESTABILITY = YES;
				ENABLE_USER_SCRIPT_SANDBOXING = YES;
				GCC_C_LANGUAGE_STANDARD = gnu17;
				GCC_DYNAMIC_NO_PIC = NO;
				GCC_NO_COMMON_BLOCKS = YES;
				GCC_OPTIMIZATION_LEVEL = 0;
				GCC_PREPROCESSOR_DEFINITIONS = (
					"DEBUG=1",
					"$(inherited)",
				);
				GCC_WARN_64_TO_32_BIT_CONVERSION = YES;
				GCC_WARN_ABOUT_RETURN_TYPE = YES_ERROR;
				GCC_WARN_UNDECLARED_SELECTOR = YES;
				GCC_WARN_UNINITIALIZED_AUTOS = YES_AGGRESSIVE;
				GCC_WARN_UNUSED_FUNCTION = YES;
				GCC_WARN_UNUSED_VARIABLE = YES;
				IPHONEOS_DEPLOYMENT_TARGET = 26.1;
				LOCALIZATION_PREFERS_STRING_CATALOGS = YES;
				MTL_ENABLE_DEBUG_INFO = INCLUDE_SOURCE;
				MTL_FAST_MATH = YES;
				ONLY_ACTIVE_ARCH = YES;
				SDKROOT = iphoneos;
				SWIFT_ACTIVE_COMPILATION_CONDITIONS = "DEBUG $(inherited)";
				SWIFT_OPTIMIZATION_LEVEL = "-Onone";
			};
			name = Debug;
		};
		8C89C721302F916000690DF9 /* Release */ = {
			isa = XCBuildConfiguration;
			buildSettings = {
				ALWAYS_SEARCH_USER_PATHS = NO;
				ASSETCATALOG_COMPILER_GENERATE_SWIFT_ASSET_SYMBOL_EXTENSIONS = YES;
				CLANG_ANALYZER_NONNULL = YES;
				CLANG_ANALYZER_NUMBER_OBJECT_CONVERSION = YES_AGGRESSIVE;
				CLANG_CXX_LANGUAGE_STANDARD = "gnu++20";
				CLANG_ENABLE_MODULES = YES;
				CLANG_ENABLE_OBJC_ARC = YES;
				CLANG_ENABLE_OBJC_WEAK = YES;
				CLANG_WARN_BLOCK_CAPTURE_AUTORELEASING = YES;
				CLANG_WARN_BOOL_CONVERSION = YES;
				CLANG_WARN_COMMA = YES;
				CLANG_WARN_CONSTANT_CONVERSION = YES;
				CLANG_WARN_DEPRECATED_OBJC_IMPLEMENTATIONS = YES;
				CLANG_WARN_DIRECT_OBJC_ISA_USAGE = YES_ERROR;
				CLANG_WARN_DOCUMENTATION_COMMENTS = YES;
				CLANG_WARN_EMPTY_BODY = YES;
				CLANG_WARN_ENUM_CONVERSION = YES;
				CLANG_WARN_INFINITE_RECURSION = YES;
				CLANG_WARN_INT_CONVERSION = YES;
				CLANG_WARN_NON_LITERAL_NULL_CONVERSION = YES;
				CLANG_WARN_OBJC_IMPLICIT_RETAIN_SELF = YES;
				CLANG_WARN_OBJC_LITERAL_CONVERSION = YES;
				CLANG_WARN_OBJC_ROOT_CLASS = YES_ERROR;
				CLANG_WARN_QUOTED_INCLUDE_IN_FRAMEWORK_HEADER = YES;
				CLANG_WARN_RANGE_LOOP_ANALYSIS = YES;
				CLANG_WARN_STRICT_PROTOTYPES = YES;
				CLANG_WARN_SUSPICIOUS_MOVE = YES;
				CLANG_WARN_UNGUARDED_AVAILABILITY = YES_AGGRESSIVE;
				CLANG_WARN_UNREACHABLE_CODE = YES;
				CLANG_WARN__DUPLICATE_METHOD_MATCH = YES;
				COPY_PHASE_STRIP = NO;
				DEBUG_INFORMATION_FORMAT = "dwarf-with-dsym";
				DEVELOPMENT_TEAM = 33W77TDG99;
				ENABLE_NS_ASSERTIONS = NO;
				ENABLE_STRICT_OBJC_MSGSEND = YES;
				ENABLE_USER_SCRIPT_SANDBOXING = YES;
				GCC_C_LANGUAGE_STANDARD = gnu17;
				GCC_NO_COMMON_BLOCKS = YES;
				GCC_WARN_64_TO_32_BIT_CONVERSION = YES;
				GCC_WARN_ABOUT_RETURN_TYPE = YES_ERROR;
				GCC_WARN_UNDECLARED_SELECTOR = YES;
				GCC_WARN_UNINITIALIZED_AUTOS = YES_AGGRESSIVE;
				GCC_WARN_UNUSED_FUNCTION = YES;
				GCC_WARN_UNUSED_VARIABLE = YES;
				IPHONEOS_DEPLOYMENT_TARGET = 26.1;
				LOCALIZATION_PREFERS_STRING_CATALOGS = YES;
				MTL_ENABLE_DEBUG_INFO = NO;
				MTL_FAST_MATH = YES;
				SDKROOT = iphoneos;
				SWIFT_COMPILATION_MODE = wholemodule;
				VALIDATE_PRODUCT = YES;
			};
			name = Release;
		};
		8C89C723302F916000690DF9 /* Debug */ = {
			isa = XCBuildConfiguration;
			buildSettings = {
				ASSETCATALOG_COMPILER_APPICON_NAME = AppIcon;
				ASSETCATALOG_COMPILER_GLOBAL_ACCENT_COLOR_NAME = AccentColor;
				CODE_SIGN_STYLE = Automatic;
				CURRENT_PROJECT_VERSION = 1;
				DEVELOPMENT_TEAM = 33W77TDG99;
				ENABLE_PREVIEWS = YES;
				GENERATE_INFOPLIST_FILE = YES;
				INFOPLIST_KEY_UIApplicationSceneManifest_Generation = YES;
				INFOPLIST_KEY_UIApplicationSupportsIndirectInputEvents = YES;
				INFOPLIST_KEY_UILaunchScreen_Generation = YES;
				INFOPLIST_KEY_UISupportedInterfaceOrientations_iPad = "UIInterfaceOrientationPortrait UIInterfaceOrientationPortraitUpsideDown UIInterfaceOrientationLandscapeLeft UIInterfaceOrientationLandscapeRight";
				INFOPLIST_KEY_UISupportedInterfaceOrientations_iPhone = "UIInterfaceOrientationPortrait UIInterfaceOrientationLandscapeLeft UIInterfaceOrientationLandscapeRight";
				LD_RUNPATH_SEARCH_PATHS = (
					"$(inherited)",
					"@executable_path/Frameworks",
				);
				MARKETING_VERSION = 1.0;
				PRODUCT_BUNDLE_IDENTIFIER = com.idm.IDM;
				PRODUCT_NAME = "$(TARGET_NAME)";
				STRING_CATALOG_GENERATE_SYMBOLS = YES;
				SWIFT_APPROACHABLE_CONCURRENCY = YES;
				SWIFT_DEFAULT_ACTOR_ISOLATION = MainActor;
				SWIFT_EMIT_LOC_STRINGS = YES;
				SWIFT_UPCOMING_FEATURE_MEMBER_IMPORT_VISIBILITY = YES;
				SWIFT_VERSION = 5.0;
				TARGETED_DEVICE_FAMILY = "1,2";
			};
			name = Debug;
		};
		8C89C724302F916000690DF9 /* Release */ = {
			isa = XCBuildConfiguration;
			buildSettings = {
				ASSETCATALOG_COMPILER_APPICON_NAME = AppIcon;
				ASSETCATALOG_COMPILER_GLOBAL_ACCENT_COLOR_NAME = AccentColor;
				CODE_SIGN_STYLE = Automatic;
				CURRENT_PROJECT_VERSION = 1;
				DEVELOPMENT_TEAM = 33W77TDG99;
				ENABLE_PREVIEWS = YES;
				GENERATE_INFOPLIST_FILE = YES;
				INFOPLIST_KEY_UIApplicationSceneManifest_Generation = YES;
				INFOPLIST_KEY_UIApplicationSupportsIndirectInputEvents = YES;
				INFOPLIST_KEY_UILaunchScreen_Generation = YES;
				INFOPLIST_KEY_UISupportedInterfaceOrientations_iPad = "UIInterfaceOrientationPortrait UIInterfaceOrientationPortraitUpsideDown UIInterfaceOrientationLandscapeLeft UIInterfaceOrientationLandscapeRight";
				INFOPLIST_KEY_UISupportedInterfaceOrientations_iPhone = "UIInterfaceOrientationPortrait UIInterfaceOrientationLandscapeLeft UIInterfaceOrientationLandscapeRight";
				LD_RUNPATH_SEARCH_PATHS = (
					"$(inherited)",
					"@executable_path/Frameworks",
				);
				MARKETING_VERSION = 1.0;
				PRODUCT_BUNDLE_IDENTIFIER = com.idm.IDM;
				PRODUCT_NAME = "$(TARGET_NAME)";
				STRING_CATALOG_GENERATE_SYMBOLS = YES;
				SWIFT_APPROACHABLE_CONCURRENCY = YES;
				SWIFT_DEFAULT_ACTOR_ISOLATION = MainActor;
				SWIFT_EMIT_LOC_STRINGS = YES;
				SWIFT_UPCOMING_FEATURE_MEMBER_IMPORT_VISIBILITY = YES;
				SWIFT_VERSION = 5.0;
				TARGETED_DEVICE_FAMILY = "1,2";
			};
			name = Release;
		};
		8C89C726302F916000690DF9 /* Debug */ = {
			isa = XCBuildConfiguration;
			buildSettings = {
				BUNDLE_LOADER = "$(TEST_HOST)";
				CODE_SIGN_STYLE = Automatic;
				CURRENT_PROJECT_VERSION = 1;
				DEVELOPMENT_TEAM = 33W77TDG99;
				GENERATE_INFOPLIST_FILE = YES;
				IPHONEOS_DEPLOYMENT_TARGET = 26.1;
				MARKETING_VERSION = 1.0;
				PRODUCT_BUNDLE_IDENTIFIER = com.idm.IDMTests;
				PRODUCT_NAME = "$(TARGET_NAME)";
				STRING_CATALOG_GENERATE_SYMBOLS = NO;
				SWIFT_APPROACHABLE_CONCURRENCY = YES;
				SWIFT_EMIT_LOC_STRINGS = NO;
				SWIFT_UPCOMING_FEATURE_MEMBER_IMPORT_VISIBILITY = YES;
				SWIFT_VERSION = 5.0;
				TARGETED_DEVICE_FAMILY = "1,2";
				TEST_HOST = "$(BUILT_PRODUCTS_DIR)/IDM.app/$(BUNDLE_EXECUTABLE_FOLDER_PATH)/IDM";
			};
			name = Debug;
		};
		8C89C727302F916000690DF9 /* Release */ = {
			isa = XCBuildConfiguration;
			buildSettings = {
				BUNDLE_LOADER = "$(TEST_HOST)";
				CODE_SIGN_STYLE = Automatic;
				CURRENT_PROJECT_VERSION = 1;
				DEVELOPMENT_TEAM = 33W77TDG99;
				GENERATE_INFOPLIST_FILE = YES;
				IPHONEOS_DEPLOYMENT_TARGET = 26.1;
				MARKETING_VERSION = 1.0;
				PRODUCT_BUNDLE_IDENTIFIER = com.idm.IDMTests;
				PRODUCT_NAME = "$(TARGET_NAME)";
				STRING_CATALOG_GENERATE_SYMBOLS = NO;
				SWIFT_APPROACHABLE_CONCURRENCY = YES;
				SWIFT_EMIT_LOC_STRINGS = NO;
				SWIFT_UPCOMING_FEATURE_MEMBER_IMPORT_VISIBILITY = YES;
				SWIFT_VERSION = 5.0;
				TARGETED_DEVICE_FAMILY = "1,2";
				TEST_HOST = "$(BUILT_PRODUCTS_DIR)/IDM.app/$(BUNDLE_EXECUTABLE_FOLDER_PATH)/IDM";
			};
			name = Release;
		};
		8C89C729302F916000690DF9 /* Debug */ = {
			isa = XCBuildConfiguration;
			buildSettings = {
				CODE_SIGN_STYLE = Automatic;
				CURRENT_PROJECT_VERSION = 1;
				DEVELOPMENT_TEAM = 33W77TDG99;
				GENERATE_INFOPLIST_FILE = YES;
				MARKETING_VERSION = 1.0;
				PRODUCT_BUNDLE_IDENTIFIER = com.idm.IDMUITests;
				PRODUCT_NAME = "$(TARGET_NAME)";
				STRING_CATALOG_GENERATE_SYMBOLS = NO;
				SWIFT_APPROACHABLE_CONCURRENCY = YES;
				SWIFT_EMIT_LOC_STRINGS = NO;
				SWIFT_UPCOMING_FEATURE_MEMBER_IMPORT_VISIBILITY = YES;
				SWIFT_VERSION = 5.0;
				TARGETED_DEVICE_FAMILY = "1,2";
				TEST_TARGET_NAME = IDM;
			};
			name = Debug;
		};
		8C89C72A302F916000690DF9 /* Release */ = {
			isa = XCBuildConfiguration;
			buildSettings = {
				CODE_SIGN_STYLE = Automatic;
				CURRENT_PROJECT_VERSION = 1;
				DEVELOPMENT_TEAM = 33W77TDG99;
				GENERATE_INFOPLIST_FILE = YES;
				MARKETING_VERSION = 1.0;
				PRODUCT_BUNDLE_IDENTIFIER = com.idm.IDMUITests;
				PRODUCT_NAME = "$(TARGET_NAME)";
				STRING_CATALOG_GENERATE_SYMBOLS = NO;
				SWIFT_APPROACHABLE_CONCURRENCY = YES;
				SWIFT_EMIT_LOC_STRINGS = NO;
				SWIFT_UPCOMING_FEATURE_MEMBER_IMPORT_VISIBILITY = YES;
				SWIFT_VERSION = 5.0;
				TARGETED_DEVICE_FAMILY = "1,2";
				TEST_TARGET_NAME = IDM;
			};
			name = Release;
		};
/* End XCBuildConfiguration section */

/* Begin XCConfigurationList section */
		8C89C6FC302F915E00690DF9 /* Build configuration list for PBXProject "IDM" */ = {
			isa = XCConfigurationList;
			buildConfigurations = (
				8C89C720302F916000690DF9 /* Debug */,
				8C89C721302F916000690DF9 /* Release */,
			);
			defaultConfigurationIsVisible = 0;
			defaultConfigurationName = Release;
		};
		8C89C722302F916000690DF9 /* Build configuration list for PBXNativeTarget "IDM" */ = {
			isa = XCConfigurationList;
			buildConfigurations = (
				8C89C723302F916000690DF9 /* Debug */,
				8C89C724302F916000690DF9 /* Release */,
			);
			defaultConfigurationIsVisible = 0;
			defaultConfigurationName = Release;
		};
		8C89C725302F916000690DF9 /* Build configuration list for PBXNativeTarget "IDMTests" */ = {
			isa = XCConfigurationList;
			buildConfigurations = (
				8C89C726302F916000690DF9 /* Debug */,
				8C89C727302F916000690DF9 /* Release */,
			);
			defaultConfigurationIsVisible = 0;
			defaultConfigurationName = Release;
		};
		8C89C728302F916000690DF9 /* Build configuration list for PBXNativeTarget "IDMUITests" */ = {
			isa = XCConfigurationList;
			buildConfigurations = (
				8C89C729302F916000690DF9 /* Debug */,
				8C89C72A302F916000690DF9 /* Release */,
			);
			defaultConfigurationIsVisible = 0;
			defaultConfigurationName = Release;
		};
/* End XCConfigurationList section */

/* Begin XCLocalSwiftPackageReference section */
		8C89C72B302F91C900690DF9 /* XCLocalSwiftPackageReference "../IDMCore" */ = {
			isa = XCLocalSwiftPackageReference;
			relativePath = ../IDMCore;
		};
/* End XCLocalSwiftPackageReference section */

/* Begin XCSwiftPackageProductDependency section */
		8C89C72C302F91CA00690DF9 /* IDMCore */ = {
			isa = XCSwiftPackageProductDependency;
			productName = IDMCore;
		};
		8C89C72E302F91CA00690DF9 /* IDMEngine */ = {
			isa = XCSwiftPackageProductDependency;
			productName = IDMEngine;
		};
/* End XCSwiftPackageProductDependency section */
	};
	rootObject = 8C89C6F9302F915E00690DF9 /* Project object */;
}
